
Microsoft Visual Studio Solution File, Format Version 12.00
# Visual Studio Version 17
VisualStudioVersion = 17.3.32901.215
MinimumVisualStudioVersion = 10.0.40219.1
Project("{9A19103F-16F7-4668-BE54-9A1E7A4F7556}") = "TuraProductsViewer", "TuraProductsViewer\TuraProductsViewer.csproj", "{AC1D1EED-9501-4BDD-8AF1-5EE94B385279}"
EndProject
Project("{9A19103F-16F7-4668-BE54-9A1E7A4F7556}") = "DataRetriever", "DataRetriever\DataRetriever.csproj", "{CD38EA70-AEFB-47E4-971B-4B0BD3CC3692}"
EndProject
Project("{9A19103F-16F7-4668-BE54-9A1E7A4F7556}") = "NavisionDataRetriever", "NavisionDataRetriever\NavisionDataRetriever.csproj", "{6BFFA04A-926D-4608-B6A5-E3A1140D1A3C}"
EndProject
Global
	GlobalSection(SolutionConfigurationPlatforms) = preSolution
		Debug|Any CPU = Debug|Any CPU
		Release|Any CPU = Release|Any CPU
	EndGlobalSection
	GlobalSection(ProjectConfigurationPlatforms) = postSolution
		{AC1D1EED-9501-4BDD-8AF1-5EE94B385279}.Debug|Any CPU.ActiveCfg = Debug|Any CPU
		{AC1D1EED-9501-4BDD-8AF1-5EE94B385279}.Debug|Any CPU.Build.0 = Debug|Any CPU
		{AC1D1EED-9501-4BDD-8AF1-5EE94B385279}.Release|Any CPU.ActiveCfg = Release|Any CPU
		{AC1D1EED-9501-4BDD-8AF1-5EE94B385279}.Release|Any CPU.Build.0 = Release|Any CPU
		{CD38EA70-AEFB-47E4-971B-4B0BD3CC3692}.Debug|Any CPU.ActiveCfg = Debug|Any CPU
		{CD38EA70-AEFB-47E4-971B-4B0BD3CC3692}.Debug|Any CPU.Build.0 = Debug|Any CPU
		{CD38EA70-AEFB-47E4-971B-4B0BD3CC3692}.Release|Any CPU.ActiveCfg = Release|Any CPU
		{CD38EA70-AEFB-47E4-971B-4B0BD3CC3692}.Release|Any CPU.Build.0 = Release|Any CPU
		{6BFFA04A-926D-4608-B6A5-E3A1140D1A3C}.Debug|Any CPU.ActiveCfg = Debug|Any CPU
		{6BFFA04A-926D-4608-B6A5-E3A1140D1A3C}.Debug|Any CPU.Build.0 = Debug|Any CPU
		{6BFFA04A-926D-4608-B6A5-E3A1140D1A3C}.Release|Any CPU.ActiveCfg = Release|Any CPU
		{6BFFA04A-926D-4608-B6A5-E3A1140D1A3C}.Release|Any CPU.Build.0 = Release|Any CPU
	EndGlobalSection
	GlobalSection(SolutionProperties) = preSolution
		HideSolutionNode = FALSE
	EndGlobalSection
	GlobalSection(ExtensibilityGlobals) = postSolution
		SolutionGuid = {CE9E028E-5F2E-449A-AF28-E0EABE4533D7}
	EndGlobalSection
EndGlobal
